{
  "originHash" : "6b1583a65a5e03ae0f60789aaa83894220eca5b6daadb65b7a932cf8ab845cc0",
  "pins" : [
    {
      "identity" : "ffmpegkit",
      "kind" : "remoteSourceControl",
      "location" : "https://github.com/kingslay/FFmpegKit",
      "state" : {
        "branch" : "main",
        "revision" : "0e93ace8dcb3cb58745a2199cf27fd08d122267a"
      }
    },
    {
      "identity" : "ksplayer",
      "kind" : "remoteSourceControl",
      "location" : "https://github.com/sunzongzheng/KSPlayer.git",
      "state" : {
        "branch" : "main",
        "revision" : "af080590258d6c7667ea4e678d533968db0a3f84"
      }
    }
  ],
  "version" : 3
}
