{
  "pins" : [
    {
      "identity" : "ffmpegkit",
      "kind" : "remoteSourceControl",
      "location" : "https://github.com/kingslay/FFmpegKit",
      "state" : {
        "branch" : "main",
        "revision" : "0e93ace8dcb3cb58745a2199cf27fd08d122267a"
      }
    },
    {
      "identity" : "ksplayer",
      "kind" : "remoteSourceControl",
      "location" : "https://github.com/sunzongzheng/KSPlayer.git",
      "state" : {
        "branch" : "main",
        "revision" : "af080590258d6c7667ea4e678d533968db0a3f84"
      }
    }
  ],
  "version" : 2
}
